
Microsoft Visual Studio Solution File, Format Version 12.00
# Visual Studio Version 17
VisualStudioVersion = 17.0.31903.59
MinimumVisualStudioVersion = 10.0.40219.1
Project("{FAE04EC0-301F-11D3-BF4B-00C04F79EFBC}") = "ParkingApp.Api", "ParkingApp.Api\ParkingApp.Api.csproj", "{D89B69FD-BFF3-41D3-8638-6E8A15D9B229}"
EndProject
Project("{FAE04EC0-301F-11D3-BF4B-00C04F79EFBC}") = "ParkingApp.Domain", "ParkingApp.Domain\ParkingApp.Domain.csproj", "{D3E01F67-CC40-46FC-8506-085214B2E33F}"
EndProject
Project("{FAE04EC0-301F-11D3-BF4B-00C04F79EFBC}") = "ParkingApp.Infrastructure", "ParkingApp.Infrastructure\ParkingApp.Infrastructure.csproj", "{AA1AC6E0-2932-49A3-A6A2-8678C4E5BCB6}"
EndProject
Global
	GlobalSection(SolutionConfigurationPlatforms) = preSolution
		Debug|Any CPU = Debug|Any CPU
		Release|Any CPU = Release|Any CPU
	EndGlobalSection
	GlobalSection(SolutionProperties) = preSolution
		HideSolutionNode = FALSE
	EndGlobalSection
	GlobalSection(ProjectConfigurationPlatforms) = postSolution
		{D89B69FD-BFF3-41D3-8638-6E8A15D9B229}.Debug|Any CPU.ActiveCfg = Debug|Any CPU
		{D89B69FD-BFF3-41D3-8638-6E8A15D9B229}.Debug|Any CPU.Build.0 = Debug|Any CPU
		{D89B69FD-BFF3-41D3-8638-6E8A15D9B229}.Release|Any CPU.ActiveCfg = Release|Any CPU
		{D89B69FD-BFF3-41D3-8638-6E8A15D9B229}.Release|Any CPU.Build.0 = Release|Any CPU
		{D3E01F67-CC40-46FC-8506-085214B2E33F}.Debug|Any CPU.ActiveCfg = Debug|Any CPU
		{D3E01F67-CC40-46FC-8506-085214B2E33F}.Debug|Any CPU.Build.0 = Debug|Any CPU
		{D3E01F67-CC40-46FC-8506-085214B2E33F}.Release|Any CPU.ActiveCfg = Release|Any CPU
		{D3E01F67-CC40-46FC-8506-085214B2E33F}.Release|Any CPU.Build.0 = Release|Any CPU
		{AA1AC6E0-2932-49A3-A6A2-8678C4E5BCB6}.Debug|Any CPU.ActiveCfg = Debug|Any CPU
		{AA1AC6E0-2932-49A3-A6A2-8678C4E5BCB6}.Debug|Any CPU.Build.0 = Debug|Any CPU
		{AA1AC6E0-2932-49A3-A6A2-8678C4E5BCB6}.Release|Any CPU.ActiveCfg = Release|Any CPU
		{AA1AC6E0-2932-49A3-A6A2-8678C4E5BCB6}.Release|Any CPU.Build.0 = Release|Any CPU
	EndGlobalSection
EndGlobal
